
Microsoft Visual Studio Solution File, Format Version 12.00
# Visual Studio Version 16
VisualStudioVersion = 16.0.30804.86
MinimumVisualStudioVersion = 10.0.40219.1
Project("{2150E333-8FDC-42A3-9474-1A3956D46DE8}") = "Ex01_Access Modifiers", "Ex01_Access Modifiers", "{728DFB26-F287-454C-BB74-A22AB9838BCA}"
EndProject
Project("{9A19103F-16F7-4668-BE54-9A1E7A4F7556}") = "Ex011_AccessModifiers", "Ex01_Access Modifiers\Ex011_AccessModifiers\Ex011_AccessModifiers.csproj", "{8A4867BD-B876-470A-9B32-F3D84677AF32}"
EndProject
Project("{2150E333-8FDC-42A3-9474-1A3956D46DE8}") = "Ex02_Oop", "Ex02_Oop", "{2CF91C98-AB46-4891-AD77-35F34133CB1D}"
EndProject
Project("{9A19103F-16F7-4668-BE54-9A1E7A4F7556}") = "Ex0211_Inheritance", "Ex02_Oop\Ex021_Inheritance\Ex0211_Inheritance.csproj", "{A448B19B-EB9E-43DA-BBE9-659BF4F647F7}"
EndProject
Project("{2150E333-8FDC-42A3-9474-1A3956D46DE8}") = "Ex00Solution Items", "Ex00Solution Items", "{1ECC8522-538D-4177-9A68-C47A721CE4F4}"
	ProjectSection(SolutionItems) = preProject
		Remark.txt = Remark.txt
	EndProjectSection
EndProject
Project("{9A19103F-16F7-4668-BE54-9A1E7A4F7556}") = "Ex0210_Inheritance", "Ex02_Oop\Ex020_Inheritance\Ex0210_Inheritance.csproj", "{A6271298-18A8-481E-AA70-6DD39FE196D1}"
EndProject
Project("{9A19103F-16F7-4668-BE54-9A1E7A4F7556}") = "Ex022_Inheritance", "Ex02_Oop\Ex022_Inheritance\Ex022_Inheritance.csproj", "{BD121CA0-BD10-485D-B86A-0B1088D6B60B}"
EndProject
Project("{9A19103F-16F7-4668-BE54-9A1E7A4F7556}") = "Ex023_Inheritance", "Ex02_Oop\Ex023_Inheritance\Ex023_Inheritance.csproj", "{776ABCC6-064A-407D-978E-058BD4ABAFB4}"
EndProject
Project("{9A19103F-16F7-4668-BE54-9A1E7A4F7556}") = "Ex024_Inheritance", "Ex024_Inheritance\Ex024_Inheritance.csproj", "{4E1AF30A-0D5F-462C-BC44-9C2C3C8982B1}"
EndProject
Project("{9A19103F-16F7-4668-BE54-9A1E7A4F7556}") = "Ex025_Polymorphism", "Ex02_Oop\Ex025_Polymorphism\Ex025_Polymorphism.csproj", "{6B148CFE-38AC-4F9A-AA0D-54BAA3FC66C4}"
EndProject
Project("{9A19103F-16F7-4668-BE54-9A1E7A4F7556}") = "Ex020_Encapsulation", "Ex02_Oop\Ex020_Encapsulation\Ex020_Encapsulation.csproj", "{FCB8C4B2-4D39-4479-A9F5-3995B1C3ABDA}"
EndProject
Project("{9A19103F-16F7-4668-BE54-9A1E7A4F7556}") = "Ex001_Intro", "Ex001_Intro\Ex001_Intro\Ex001_Intro.csproj", "{16E488BF-F99C-4CF4-9ACA-D2CBEF19F47B}"
EndProject
Project("{9A19103F-16F7-4668-BE54-9A1E7A4F7556}") = "Ex027_MagicWords", "Ex02_Oop\Ex027_MagicWords\Ex027_MagicWords.csproj", "{ADCD3496-027D-407D-A5BA-E41C1F989944}"
EndProject
Project("{2150E333-8FDC-42A3-9474-1A3956D46DE8}") = "01_Encapsulation", "01_Encapsulation", "{E4985E6C-845D-4775-B833-8EA9D17A5AD2}"
EndProject
Project("{2150E333-8FDC-42A3-9474-1A3956D46DE8}") = "02_Inheritance", "02_Inheritance", "{E5825DA8-4044-4B4D-AE6A-35FCDE92B2C6}"
EndProject
Project("{2150E333-8FDC-42A3-9474-1A3956D46DE8}") = "03_Polymorphism", "03_Polymorphism", "{0D7715F0-CF9F-442B-A41B-3F6364A16B05}"
EndProject
Project("{2150E333-8FDC-42A3-9474-1A3956D46DE8}") = "05_Other", "05_Other", "{CD44B517-A248-4DCE-A1F2-15DF994892FC}"
EndProject
Project("{9A19103F-16F7-4668-BE54-9A1E7A4F7556}") = "Ex026_Polymorphism", "Ex02_Oop\Ex026_Polymorphism\Ex026_Polymorphism.csproj", "{BE1F520A-9683-41BC-AA6F-3C2AC92704ED}"
EndProject
Project("{9A19103F-16F7-4668-BE54-9A1E7A4F7556}") = "Ex027_Polymorphism", "Ex02_Oop\Ex027_Polymorphism\Ex027_Polymorphism.csproj", "{98B1A852-4D1A-4BEE-B449-BBDCACC7C8A6}"
EndProject
Project("{2150E333-8FDC-42A3-9474-1A3956D46DE8}") = "04_Abstraction", "04_Abstraction", "{4886A3C8-6F88-4426-AB08-73DFD58B5597}"
EndProject
Project("{9A19103F-16F7-4668-BE54-9A1E7A4F7556}") = "Ex030_Abstraction", "Ex02_Oop\Ex30_Abstraction\Ex030_Abstraction.csproj", "{F729D43C-E841-4B32-BA24-0DFEC51B1352}"
EndProject
Project("{9A19103F-16F7-4668-BE54-9A1E7A4F7556}") = "BookReader", "Ex02_Oop\Ex031_Abstraction\BookReader.csproj", "{6245386A-1B72-47CA-8160-6053678C8594}"
EndProject
Global
	GlobalSection(SolutionConfigurationPlatforms) = preSolution
		Debug|Any CPU = Debug|Any CPU
		Release|Any CPU = Release|Any CPU
	EndGlobalSection
	GlobalSection(ProjectConfigurationPlatforms) = postSolution
		{8A4867BD-B876-470A-9B32-F3D84677AF32}.Debug|Any CPU.ActiveCfg = Debug|Any CPU
		{8A4867BD-B876-470A-9B32-F3D84677AF32}.Debug|Any CPU.Build.0 = Debug|Any CPU
		{8A4867BD-B876-470A-9B32-F3D84677AF32}.Release|Any CPU.ActiveCfg = Release|Any CPU
		{8A4867BD-B876-470A-9B32-F3D84677AF32}.Release|Any CPU.Build.0 = Release|Any CPU
		{A448B19B-EB9E-43DA-BBE9-659BF4F647F7}.Debug|Any CPU.ActiveCfg = Debug|Any CPU
		{A448B19B-EB9E-43DA-BBE9-659BF4F647F7}.Debug|Any CPU.Build.0 = Debug|Any CPU
		{A448B19B-EB9E-43DA-BBE9-659BF4F647F7}.Release|Any CPU.ActiveCfg = Release|Any CPU
		{A448B19B-EB9E-43DA-BBE9-659BF4F647F7}.Release|Any CPU.Build.0 = Release|Any CPU
		{A6271298-18A8-481E-AA70-6DD39FE196D1}.Debug|Any CPU.ActiveCfg = Debug|Any CPU
		{A6271298-18A8-481E-AA70-6DD39FE196D1}.Debug|Any CPU.Build.0 = Debug|Any CPU
		{A6271298-18A8-481E-AA70-6DD39FE196D1}.Release|Any CPU.ActiveCfg = Release|Any CPU
		{A6271298-18A8-481E-AA70-6DD39FE196D1}.Release|Any CPU.Build.0 = Release|Any CPU
		{BD121CA0-BD10-485D-B86A-0B1088D6B60B}.Debug|Any CPU.ActiveCfg = Debug|Any CPU
		{BD121CA0-BD10-485D-B86A-0B1088D6B60B}.Debug|Any CPU.Build.0 = Debug|Any CPU
		{BD121CA0-BD10-485D-B86A-0B1088D6B60B}.Release|Any CPU.ActiveCfg = Release|Any CPU
		{BD121CA0-BD10-485D-B86A-0B1088D6B60B}.Release|Any CPU.Build.0 = Release|Any CPU
		{776ABCC6-064A-407D-978E-058BD4ABAFB4}.Debug|Any CPU.ActiveCfg = Debug|Any CPU
		{776ABCC6-064A-407D-978E-058BD4ABAFB4}.Debug|Any CPU.Build.0 = Debug|Any CPU
		{776ABCC6-064A-407D-978E-058BD4ABAFB4}.Release|Any CPU.ActiveCfg = Release|Any CPU
		{776ABCC6-064A-407D-978E-058BD4ABAFB4}.Release|Any CPU.Build.0 = Release|Any CPU
		{4E1AF30A-0D5F-462C-BC44-9C2C3C8982B1}.Debug|Any CPU.ActiveCfg = Debug|Any CPU
		{4E1AF30A-0D5F-462C-BC44-9C2C3C8982B1}.Debug|Any CPU.Build.0 = Debug|Any CPU
		{4E1AF30A-0D5F-462C-BC44-9C2C3C8982B1}.Release|Any CPU.ActiveCfg = Release|Any CPU
		{4E1AF30A-0D5F-462C-BC44-9C2C3C8982B1}.Release|Any CPU.Build.0 = Release|Any CPU
		{6B148CFE-38AC-4F9A-AA0D-54BAA3FC66C4}.Debug|Any CPU.ActiveCfg = Debug|Any CPU
		{6B148CFE-38AC-4F9A-AA0D-54BAA3FC66C4}.Debug|Any CPU.Build.0 = Debug|Any CPU
		{6B148CFE-38AC-4F9A-AA0D-54BAA3FC66C4}.Release|Any CPU.ActiveCfg = Release|Any CPU
		{6B148CFE-38AC-4F9A-AA0D-54BAA3FC66C4}.Release|Any CPU.Build.0 = Release|Any CPU
		{FCB8C4B2-4D39-4479-A9F5-3995B1C3ABDA}.Debug|Any CPU.ActiveCfg = Debug|Any CPU
		{FCB8C4B2-4D39-4479-A9F5-3995B1C3ABDA}.Debug|Any CPU.Build.0 = Debug|Any CPU
		{FCB8C4B2-4D39-4479-A9F5-3995B1C3ABDA}.Release|Any CPU.ActiveCfg = Release|Any CPU
		{FCB8C4B2-4D39-4479-A9F5-3995B1C3ABDA}.Release|Any CPU.Build.0 = Release|Any CPU
		{16E488BF-F99C-4CF4-9ACA-D2CBEF19F47B}.Debug|Any CPU.ActiveCfg = Debug|Any CPU
		{16E488BF-F99C-4CF4-9ACA-D2CBEF19F47B}.Debug|Any CPU.Build.0 = Debug|Any CPU
		{16E488BF-F99C-4CF4-9ACA-D2CBEF19F47B}.Release|Any CPU.ActiveCfg = Release|Any CPU
		{16E488BF-F99C-4CF4-9ACA-D2CBEF19F47B}.Release|Any CPU.Build.0 = Release|Any CPU
		{ADCD3496-027D-407D-A5BA-E41C1F989944}.Debug|Any CPU.ActiveCfg = Debug|Any CPU
		{ADCD3496-027D-407D-A5BA-E41C1F989944}.Debug|Any CPU.Build.0 = Debug|Any CPU
		{ADCD3496-027D-407D-A5BA-E41C1F989944}.Release|Any CPU.ActiveCfg = Release|Any CPU
		{ADCD3496-027D-407D-A5BA-E41C1F989944}.Release|Any CPU.Build.0 = Release|Any CPU
		{BE1F520A-9683-41BC-AA6F-3C2AC92704ED}.Debug|Any CPU.ActiveCfg = Debug|Any CPU
		{BE1F520A-9683-41BC-AA6F-3C2AC92704ED}.Debug|Any CPU.Build.0 = Debug|Any CPU
		{BE1F520A-9683-41BC-AA6F-3C2AC92704ED}.Release|Any CPU.ActiveCfg = Release|Any CPU
		{BE1F520A-9683-41BC-AA6F-3C2AC92704ED}.Release|Any CPU.Build.0 = Release|Any CPU
		{98B1A852-4D1A-4BEE-B449-BBDCACC7C8A6}.Debug|Any CPU.ActiveCfg = Debug|Any CPU
		{98B1A852-4D1A-4BEE-B449-BBDCACC7C8A6}.Debug|Any CPU.Build.0 = Debug|Any CPU
		{98B1A852-4D1A-4BEE-B449-BBDCACC7C8A6}.Release|Any CPU.ActiveCfg = Release|Any CPU
		{98B1A852-4D1A-4BEE-B449-BBDCACC7C8A6}.Release|Any CPU.Build.0 = Release|Any CPU
		{F729D43C-E841-4B32-BA24-0DFEC51B1352}.Debug|Any CPU.ActiveCfg = Debug|Any CPU
		{F729D43C-E841-4B32-BA24-0DFEC51B1352}.Debug|Any CPU.Build.0 = Debug|Any CPU
		{F729D43C-E841-4B32-BA24-0DFEC51B1352}.Release|Any CPU.ActiveCfg = Release|Any CPU
		{F729D43C-E841-4B32-BA24-0DFEC51B1352}.Release|Any CPU.Build.0 = Release|Any CPU
		{6245386A-1B72-47CA-8160-6053678C8594}.Debug|Any CPU.ActiveCfg = Debug|Any CPU
		{6245386A-1B72-47CA-8160-6053678C8594}.Debug|Any CPU.Build.0 = Debug|Any CPU
		{6245386A-1B72-47CA-8160-6053678C8594}.Release|Any CPU.ActiveCfg = Release|Any CPU
		{6245386A-1B72-47CA-8160-6053678C8594}.Release|Any CPU.Build.0 = Release|Any CPU
	EndGlobalSection
	GlobalSection(SolutionProperties) = preSolution
		HideSolutionNode = FALSE
	EndGlobalSection
	GlobalSection(NestedProjects) = preSolution
		{8A4867BD-B876-470A-9B32-F3D84677AF32} = {728DFB26-F287-454C-BB74-A22AB9838BCA}
		{A448B19B-EB9E-43DA-BBE9-659BF4F647F7} = {E5825DA8-4044-4B4D-AE6A-35FCDE92B2C6}
		{A6271298-18A8-481E-AA70-6DD39FE196D1} = {E5825DA8-4044-4B4D-AE6A-35FCDE92B2C6}
		{BD121CA0-BD10-485D-B86A-0B1088D6B60B} = {E5825DA8-4044-4B4D-AE6A-35FCDE92B2C6}
		{776ABCC6-064A-407D-978E-058BD4ABAFB4} = {E5825DA8-4044-4B4D-AE6A-35FCDE92B2C6}
		{4E1AF30A-0D5F-462C-BC44-9C2C3C8982B1} = {E5825DA8-4044-4B4D-AE6A-35FCDE92B2C6}
		{6B148CFE-38AC-4F9A-AA0D-54BAA3FC66C4} = {0D7715F0-CF9F-442B-A41B-3F6364A16B05}
		{FCB8C4B2-4D39-4479-A9F5-3995B1C3ABDA} = {E4985E6C-845D-4775-B833-8EA9D17A5AD2}
		{16E488BF-F99C-4CF4-9ACA-D2CBEF19F47B} = {1ECC8522-538D-4177-9A68-C47A721CE4F4}
		{ADCD3496-027D-407D-A5BA-E41C1F989944} = {CD44B517-A248-4DCE-A1F2-15DF994892FC}
		{E4985E6C-845D-4775-B833-8EA9D17A5AD2} = {2CF91C98-AB46-4891-AD77-35F34133CB1D}
		{E5825DA8-4044-4B4D-AE6A-35FCDE92B2C6} = {2CF91C98-AB46-4891-AD77-35F34133CB1D}
		{0D7715F0-CF9F-442B-A41B-3F6364A16B05} = {2CF91C98-AB46-4891-AD77-35F34133CB1D}
		{CD44B517-A248-4DCE-A1F2-15DF994892FC} = {2CF91C98-AB46-4891-AD77-35F34133CB1D}
		{BE1F520A-9683-41BC-AA6F-3C2AC92704ED} = {0D7715F0-CF9F-442B-A41B-3F6364A16B05}
		{98B1A852-4D1A-4BEE-B449-BBDCACC7C8A6} = {0D7715F0-CF9F-442B-A41B-3F6364A16B05}
		{4886A3C8-6F88-4426-AB08-73DFD58B5597} = {2CF91C98-AB46-4891-AD77-35F34133CB1D}
		{F729D43C-E841-4B32-BA24-0DFEC51B1352} = {4886A3C8-6F88-4426-AB08-73DFD58B5597}
	EndGlobalSection
	GlobalSection(ExtensibilityGlobals) = postSolution
		SolutionGuid = {9064B07F-9580-4C59-A346-6C5CAF1AE21E}
	EndGlobalSection
EndGlobal
